// !$*UTF8*$!
{
	archiveVersion = 1;
	classes = {
	};
	objectVersion = 51;
	objects = {

/* Begin PBXBuildFile section */
		820F86F8269483AD00B44559 /* NoteEdit_TextFiled.swift in Sources */ = {isa = PBXBuildFile; fileRef = 820F86F7269483AD00B44559 /* NoteEdit_TextFiled.swift */; };
		82279F89264E0B24002B3017 /* InfoPlist.strings in Resources */ = {isa = PBXBuildFile; fileRef = 82279F88264E0B24002B3017 /* InfoPlist.strings */; };
		82279F8D264E103D002B3017 /* BaseTabbarViewController.swift in Sources */ = {isa = PBXBuildFile; fileRef = 82279F8C264E103D002B3017 /* BaseTabbarViewController.swift */; };
		82279F90264E11FF002B3017 /* PublishViewController.swift in Sources */ = {isa = PBXBuildFile; fileRef = 82279F8F264E11FF002B3017 /* PublishViewController.swift */; };
		8230881E268EB48D001965A3 /* AddPhotoView.swift in Sources */ = {isa = PBXBuildFile; fileRef = 8230881D268EB48D001965A3 /* AddPhotoView.swift */; };
		82308845268F1378001965A3 /* testVideo.mp4 in Resources */ = {isa = PBXBuildFile; fileRef = 82308844268F1378001965A3 /* testVideo.mp4 */; };
		8238FF8E2644D40000D2E902 /* AppDelegate.swift in Sources */ = {isa = PBXBuildFile; fileRef = 8238FF8D2644D40000D2E902 /* AppDelegate.swift */; };
		8238FF902644D40000D2E902 /* SceneDelegate.swift in Sources */ = {isa = PBXBuildFile; fileRef = 8238FF8F2644D40000D2E902 /* SceneDelegate.swift */; };
		8238FF922644D40000D2E902 /* ViewController.swift in Sources */ = {isa = PBXBuildFile; fileRef = 8238FF912644D40000D2E902 /* ViewController.swift */; };
		8238FF952644D40000D2E902 /* Main.storyboard in Resources */ = {isa = PBXBuildFile; fileRef = 8238FF932644D40000D2E902 /* Main.storyboard */; };
		8238FF982644D40000D2E902 /* LittlePink.xcdatamodeld in Sources */ = {isa = PBXBuildFile; fileRef = 8238FF962644D40000D2E902 /* LittlePink.xcdatamodeld */; };
		8238FF9A2644D40100D2E902 /* Assets.xcassets in Resources */ = {isa = PBXBuildFile; fileRef = 8238FF992644D40100D2E902 /* Assets.xcassets */; };
		8238FF9D2644D40100D2E902 /* LaunchScreen.storyboard in Resources */ = {isa = PBXBuildFile; fileRef = 8238FF9B2644D40100D2E902 /* LaunchScreen.storyboard */; };
		8258A7D7265353480024D8FF /* Bundle.swift in Sources */ = {isa = PBXBuildFile; fileRef = 8258A7D6265353480024D8FF /* Bundle.swift */; };
		8263AB46268D98BF000189FF /* PhotoCell.swift in Sources */ = {isa = PBXBuildFile; fileRef = 8263AB45268D98BF000189FF /* PhotoCell.swift */; };
		8263AB4B268D9F7B000189FF /* DynamicSendViewController.swift in Sources */ = {isa = PBXBuildFile; fileRef = 8263AB4A268D9F7B000189FF /* DynamicSendViewController.swift */; };
		8263AB58268DBC8A000189FF /* Extension.swift in Sources */ = {isa = PBXBuildFile; fileRef = 8263AB57268DBC8A000189FF /* Extension.swift */; };
		826BD6DA26462248004138B8 /* HomePageViewController.swift in Sources */ = {isa = PBXBuildFile; fileRef = 826BD6D926462248004138B8 /* HomePageViewController.swift */; };
		826BD6DD2646226A004138B8 /* FocusViewController.swift in Sources */ = {isa = PBXBuildFile; fileRef = 826BD6DC2646226A004138B8 /* FocusViewController.swift */; };
		826BD6E026462272004138B8 /* NearViewController.swift in Sources */ = {isa = PBXBuildFile; fileRef = 826BD6DF26462272004138B8 /* NearViewController.swift */; };
		826BD6E326462281004138B8 /* DiscoverViewController.swift in Sources */ = {isa = PBXBuildFile; fileRef = 826BD6E226462281004138B8 /* DiscoverViewController.swift */; };
		82964C96264A2101001B98B6 /* WalterFallVC.swift in Sources */ = {isa = PBXBuildFile; fileRef = 82964C95264A2101001B98B6 /* WalterFallVC.swift */; };
		82964C9A264A2148001B98B6 /* WalterFallCollectionViewCell.swift in Sources */ = {isa = PBXBuildFile; fileRef = 82964C99264A2148001B98B6 /* WalterFallCollectionViewCell.swift */; };
		829BAA892692A55E00592F84 /* NoteEditVC_DragDrop.swift in Sources */ = {isa = PBXBuildFile; fileRef = 829BAA882692A55E00592F84 /* NoteEditVC_DragDrop.swift */; };
		82CE62F42695459B001D826D /* DynamicVC_CollectionView.swift in Sources */ = {isa = PBXBuildFile; fileRef = 82CE62F32695459B001D826D /* DynamicVC_CollectionView.swift */; };
		82EB850F2646233E004F7770 /* File.swift in Sources */ = {isa = PBXBuildFile; fileRef = 82EB850E2646233E004F7770 /* File.swift */; };
		F3A3689AC76306A8E6C493EC /* Pods_LittlePink.framework in Frameworks */ = {isa = PBXBuildFile; fileRef = 59A3F23AE3AB6CF2363377AF /* Pods_LittlePink.framework */; };
/* End PBXBuildFile section */

/* Begin PBXFileReference section */
		59A3F23AE3AB6CF2363377AF /* Pods_LittlePink.framework */ = {isa = PBXFileReference; explicitFileType = wrapper.framework; includeInIndex = 0; path = Pods_LittlePink.framework; sourceTree = BUILT_PRODUCTS_DIR; };
		6921E9AD1FFCF712F00829E9 /* Pods-LittlePink.release.xcconfig */ = {isa = PBXFileReference; includeInIndex = 1; lastKnownFileType = text.xcconfig; name = "Pods-LittlePink.release.xcconfig"; path = "Target Support Files/Pods-LittlePink/Pods-LittlePink.release.xcconfig"; sourceTree = "<group>"; };
		6CEC65262A220EFF7AF52E11 /* Pods-LittlePink.debug.xcconfig */ = {isa = PBXFileReference; includeInIndex = 1; lastKnownFileType = text.xcconfig; name = "Pods-LittlePink.debug.xcconfig"; path = "Target Support Files/Pods-LittlePink/Pods-LittlePink.debug.xcconfig"; sourceTree = "<group>"; };
		820F86F7269483AD00B44559 /* NoteEdit_TextFiled.swift */ = {isa = PBXFileReference; lastKnownFileType = sourcecode.swift; path = NoteEdit_TextFiled.swift; sourceTree = "<group>"; };
		82279F83264E09CB002B3017 /* zh-Hans */ = {isa = PBXFileReference; lastKnownFileType = text.plist.strings; name = "zh-Hans"; path = "zh-Hans.lproj/LaunchScreen.strings"; sourceTree = "<group>"; };
		82279F86264E0AB7002B3017 /* zh-Hans */ = {isa = PBXFileReference; lastKnownFileType = text.plist.strings; name = "zh-Hans"; path = "zh-Hans.lproj/Main.strings"; sourceTree = "<group>"; };
		82279F88264E0B24002B3017 /* InfoPlist.strings */ = {isa = PBXFileReference; lastKnownFileType = text.plist.strings; path = InfoPlist.strings; sourceTree = "<group>"; };
		82279F8C264E103D002B3017 /* BaseTabbarViewController.swift */ = {isa = PBXFileReference; lastKnownFileType = sourcecode.swift; path = BaseTabbarViewController.swift; sourceTree = "<group>"; };
		82279F8F264E11FF002B3017 /* PublishViewController.swift */ = {isa = PBXFileReference; lastKnownFileType = sourcecode.swift; path = PublishViewController.swift; sourceTree = "<group>"; };
		8230881D268EB48D001965A3 /* AddPhotoView.swift */ = {isa = PBXFileReference; lastKnownFileType = sourcecode.swift; path = AddPhotoView.swift; sourceTree = "<group>"; };
		82308820268EF1B5001965A3 /* LittlePink_Bridge_Header.h */ = {isa = PBXFileReference; lastKnownFileType = sourcecode.c.h; path = LittlePink_Bridge_Header.h; sourceTree = "<group>"; };
		82308844268F1378001965A3 /* testVideo.mp4 */ = {isa = PBXFileReference; lastKnownFileType = file; path = testVideo.mp4; sourceTree = "<group>"; };
		8238FF8A2644D40000D2E902 /* LittlePink.app */ = {isa = PBXFileReference; explicitFileType = wrapper.application; includeInIndex = 0; path = LittlePink.app; sourceTree = BUILT_PRODUCTS_DIR; };
		8238FF8D2644D40000D2E902 /* AppDelegate.swift */ = {isa = PBXFileReference; lastKnownFileType = sourcecode.swift; path = AppDelegate.swift; sourceTree = "<group>"; };
		8238FF8F2644D40000D2E902 /* SceneDelegate.swift */ = {isa = PBXFileReference; lastKnownFileType = sourcecode.swift; path = SceneDelegate.swift; sourceTree = "<group>"; };
		8238FF912644D40000D2E902 /* ViewController.swift */ = {isa = PBXFileReference; lastKnownFileType = sourcecode.swift; path = ViewController.swift; sourceTree = "<group>"; };
		8238FF942644D40000D2E902 /* Base */ = {isa = PBXFileReference; lastKnownFileType = file.storyboard; name = Base; path = Base.lproj/Main.storyboard; sourceTree = "<group>"; };
		8238FF972644D40000D2E902 /* LittlePink.xcdatamodel */ = {isa = PBXFileReference; lastKnownFileType = wrapper.xcdatamodel; path = LittlePink.xcdatamodel; sourceTree = "<group>"; };
		8238FF992644D40100D2E902 /* Assets.xcassets */ = {isa = PBXFileReference; lastKnownFileType = folder.assetcatalog; path = Assets.xcassets; sourceTree = "<group>"; };
		8238FF9C2644D40100D2E902 /* Base */ = {isa = PBXFileReference; lastKnownFileType = file.storyboard; name = Base; path = Base.lproj/LaunchScreen.storyboard; sourceTree = "<group>"; };
		8238FF9E2644D40100D2E902 /* Info.plist */ = {isa = PBXFileReference; lastKnownFileType = text.plist.xml; path = Info.plist; sourceTree = "<group>"; };
		8252DCB22680C090001BCB18 /* UIKiet.playground */ = {isa = PBXFileReference; lastKnownFileType = file.playground; path = UIKiet.playground; sourceTree = "<group>"; xcLanguageSpecificationIdentifier = xcode.lang.swift; };
		82564E1D26818101002C6A04 /* Closure.playground */ = {isa = PBXFileReference; lastKnownFileType = file.playground; path = Closure.playground; sourceTree = "<group>"; xcLanguageSpecificationIdentifier = xcode.lang.swift; };
		82564E1F268193DB002C6A04 /* Weak.playground */ = {isa = PBXFileReference; lastKnownFileType = file.playground; path = Weak.playground; sourceTree = "<group>"; xcLanguageSpecificationIdentifier = xcode.lang.swift; };
		82564E21268194B9002C6A04 /* EacapingClosure.playground */ = {isa = PBXFileReference; lastKnownFileType = file.playground; path = EacapingClosure.playground; sourceTree = "<group>"; xcLanguageSpecificationIdentifier = xcode.lang.swift; };
		8258A7D6265353480024D8FF /* Bundle.swift */ = {isa = PBXFileReference; lastKnownFileType = sourcecode.swift; path = Bundle.swift; sourceTree = "<group>"; };
		8263AB45268D98BF000189FF /* PhotoCell.swift */ = {isa = PBXFileReference; lastKnownFileType = sourcecode.swift; path = PhotoCell.swift; sourceTree = "<group>"; };
		8263AB4A268D9F7B000189FF /* DynamicSendViewController.swift */ = {isa = PBXFileReference; lastKnownFileType = sourcecode.swift; path = DynamicSendViewController.swift; sourceTree = "<group>"; };
		8263AB57268DBC8A000189FF /* Extension.swift */ = {isa = PBXFileReference; lastKnownFileType = sourcecode.swift; path = Extension.swift; sourceTree = "<group>"; };
		8263AB5D268DE0ED000189FF /* UICollectionView.playground */ = {isa = PBXFileReference; lastKnownFileType = file.playground; path = UICollectionView.playground; sourceTree = "<group>"; xcLanguageSpecificationIdentifier = xcode.lang.swift; };
		826BD6D926462248004138B8 /* HomePageViewController.swift */ = {isa = PBXFileReference; lastKnownFileType = sourcecode.swift; path = HomePageViewController.swift; sourceTree = "<group>"; };
		826BD6DC2646226A004138B8 /* FocusViewController.swift */ = {isa = PBXFileReference; lastKnownFileType = sourcecode.swift; path = FocusViewController.swift; sourceTree = "<group>"; };
		826BD6DF26462272004138B8 /* NearViewController.swift */ = {isa = PBXFileReference; lastKnownFileType = sourcecode.swift; path = NearViewController.swift; sourceTree = "<group>"; };
		826BD6E226462281004138B8 /* DiscoverViewController.swift */ = {isa = PBXFileReference; lastKnownFileType = sourcecode.swift; path = DiscoverViewController.swift; sourceTree = "<group>"; };
		827BABC42654A6A1009C82B8 /* MyPlayground.playground */ = {isa = PBXFileReference; lastKnownFileType = file.playground; path = MyPlayground.playground; sourceTree = "<group>"; xcLanguageSpecificationIdentifier = xcode.lang.swift; };
		828576822689786200E0CDB6 /* 枚举.playground */ = {isa = PBXFileReference; lastKnownFileType = file.playground; path = "枚举.playground"; sourceTree = "<group>"; xcLanguageSpecificationIdentifier = xcode.lang.swift; };
		82964C95264A2101001B98B6 /* WalterFallVC.swift */ = {isa = PBXFileReference; lastKnownFileType = sourcecode.swift; path = WalterFallVC.swift; sourceTree = "<group>"; };
		82964C99264A2148001B98B6 /* WalterFallCollectionViewCell.swift */ = {isa = PBXFileReference; lastKnownFileType = sourcecode.swift; path = WalterFallCollectionViewCell.swift; sourceTree = "<group>"; };
		829BAA882692A55E00592F84 /* NoteEditVC_DragDrop.swift */ = {isa = PBXFileReference; lastKnownFileType = sourcecode.swift; path = NoteEditVC_DragDrop.swift; sourceTree = "<group>"; };
		82CE62F32695459B001D826D /* DynamicVC_CollectionView.swift */ = {isa = PBXFileReference; lastKnownFileType = sourcecode.swift; path = DynamicVC_CollectionView.swift; sourceTree = "<group>"; };
		82EB850E2646233E004F7770 /* File.swift */ = {isa = PBXFileReference; lastKnownFileType = sourcecode.swift; path = File.swift; sourceTree = "<group>"; };
		82F8BA8B2680C6F80098D236 /* ARC.playground */ = {isa = PBXFileReference; lastKnownFileType = file.playground; path = ARC.playground; sourceTree = "<group>"; xcLanguageSpecificationIdentifier = xcode.lang.swift; };
/* End PBXFileReference section */

/* Begin PBXFrameworksBuildPhase section */
		8238FF872644D40000D2E902 /* Frameworks */ = {
			isa = PBXFrameworksBuildPhase;
			buildActionMask = 2147483647;
			files = (
				F3A3689AC76306A8E6C493EC /* Pods_LittlePink.framework in Frameworks */,
			);
			runOnlyForDeploymentPostprocessing = 0;
		};
/* End PBXFrameworksBuildPhase section */

/* Begin PBXGroup section */
		6F94AD528746B1F1644FFBFF /* Pods */ = {
			isa = PBXGroup;
			children = (
				6CEC65262A220EFF7AF52E11 /* Pods-LittlePink.debug.xcconfig */,
				6921E9AD1FFCF712F00829E9 /* Pods-LittlePink.release.xcconfig */,
			);
			path = Pods;
			sourceTree = "<group>";
		};
		74B0C4233B4A6D23D85C17B2 /* Frameworks */ = {
			isa = PBXGroup;
			children = (
				59A3F23AE3AB6CF2363377AF /* Pods_LittlePink.framework */,
			);
			name = Frameworks;
			sourceTree = "<group>";
		};
		8238FF812644D40000D2E902 = {
			isa = PBXGroup;
			children = (
				8238FF8C2644D40000D2E902 /* LittlePink */,
				8238FF8B2644D40000D2E902 /* Products */,
				6F94AD528746B1F1644FFBFF /* Pods */,
				74B0C4233B4A6D23D85C17B2 /* Frameworks */,
			);
			sourceTree = "<group>";
		};
		8238FF8B2644D40000D2E902 /* Products */ = {
			isa = PBXGroup;
			children = (
				8238FF8A2644D40000D2E902 /* LittlePink.app */,
			);
			name = Products;
			sourceTree = "<group>";
		};
		8238FF8C2644D40000D2E902 /* LittlePink */ = {
			isa = PBXGroup;
			children = (
				82308844268F1378001965A3 /* testVideo.mp4 */,
				8263AB43268D988A000189FF /* Send */,
				827BABC32654A692009C82B8 /* Demo */,
				8238FF8D2644D40000D2E902 /* AppDelegate.swift */,
				8238FF8F2644D40000D2E902 /* SceneDelegate.swift */,
				8238FF912644D40000D2E902 /* ViewController.swift */,
				82279F8C264E103D002B3017 /* BaseTabbarViewController.swift */,
				82279F8F264E11FF002B3017 /* PublishViewController.swift */,
				82EB850E2646233E004F7770 /* File.swift */,
				8263AB5A268DBC8F000189FF /* Common */,
				82EB850C26462328004F7770 /* HomePage */,
				8238FF932644D40000D2E902 /* Main.storyboard */,
				8238FF992644D40100D2E902 /* Assets.xcassets */,
				8238FF9B2644D40100D2E902 /* LaunchScreen.storyboard */,
				8238FF9E2644D40100D2E902 /* Info.plist */,
				8238FF962644D40000D2E902 /* LittlePink.xcdatamodeld */,
				82279F88264E0B24002B3017 /* InfoPlist.strings */,
			);
			path = LittlePink;
			sourceTree = "<group>";
		};
		8263AB43268D988A000189FF /* Send */ = {
			isa = PBXGroup;
			children = (
				8263AB44268D989B000189FF /* Cell */,
				8263AB4A268D9F7B000189FF /* DynamicSendViewController.swift */,
				829BAA882692A55E00592F84 /* NoteEditVC_DragDrop.swift */,
				820F86F7269483AD00B44559 /* NoteEdit_TextFiled.swift */,
				82CE62F32695459B001D826D /* DynamicVC_CollectionView.swift */,
			);
			path = Send;
			sourceTree = "<group>";
		};
		8263AB44268D989B000189FF /* Cell */ = {
			isa = PBXGroup;
			children = (
				8263AB45268D98BF000189FF /* PhotoCell.swift */,
				8230881D268EB48D001965A3 /* AddPhotoView.swift */,
			);
			path = Cell;
			sourceTree = "<group>";
		};
		8263AB5A268DBC8F000189FF /* Common */ = {
			isa = PBXGroup;
			children = (
				8258A7D6265353480024D8FF /* Bundle.swift */,
				8263AB57268DBC8A000189FF /* Extension.swift */,
				82308820268EF1B5001965A3 /* LittlePink_Bridge_Header.h */,
			);
			path = Common;
			sourceTree = "<group>";
		};
		827BABC32654A692009C82B8 /* Demo */ = {
			isa = PBXGroup;
			children = (
				827BABC42654A6A1009C82B8 /* MyPlayground.playground */,
				8252DCB22680C090001BCB18 /* UIKiet.playground */,
				82F8BA8B2680C6F80098D236 /* ARC.playground */,
				82564E1D26818101002C6A04 /* Closure.playground */,
				82564E1F268193DB002C6A04 /* Weak.playground */,
				82564E21268194B9002C6A04 /* EacapingClosure.playground */,
				828576822689786200E0CDB6 /* 枚举.playground */,
				8263AB5D268DE0ED000189FF /* UICollectionView.playground */,
			);
			path = Demo;
			sourceTree = "<group>";
		};
		82964C98264A212D001B98B6 /* Cell */ = {
			isa = PBXGroup;
			children = (
				82964C99264A2148001B98B6 /* WalterFallCollectionViewCell.swift */,
			);
			path = Cell;
			sourceTree = "<group>";
		};
		82EB850C26462328004F7770 /* HomePage */ = {
			isa = PBXGroup;
			children = (
				82964C98264A212D001B98B6 /* Cell */,
				826BD6D926462248004138B8 /* HomePageViewController.swift */,
				826BD6DC2646226A004138B8 /* FocusViewController.swift */,
				826BD6DF26462272004138B8 /* NearViewController.swift */,
				826BD6E226462281004138B8 /* DiscoverViewController.swift */,
				82964C95264A2101001B98B6 /* WalterFallVC.swift */,
			);
			path = HomePage;
			sourceTree = "<group>";
		};
/* End PBXGroup section */

/* Begin PBXNativeTarget section */
		8238FF892644D40000D2E902 /* LittlePink */ = {
			isa = PBXNativeTarget;
			buildConfigurationList = 8238FFA12644D40100D2E902 /* Build configuration list for PBXNativeTarget "LittlePink" */;
			buildPhases = (
				A11DF406AE3C9E7A72DDFF9E /* [CP] Check Pods Manifest.lock */,
				8238FF862644D40000D2E902 /* Sources */,
				8238FF872644D40000D2E902 /* Frameworks */,
				8238FF882644D40000D2E902 /* Resources */,
				D1400619053E19008F6361D3 /* [CP] Embed Pods Frameworks */,
			);
			buildRules = (
			);
			dependencies = (
			);
			name = LittlePink;
			productName = LittlePink;
			productReference = 8238FF8A2644D40000D2E902 /* LittlePink.app */;
			productType = "com.apple.product-type.application";
		};
/* End PBXNativeTarget section */

/* Begin PBXProject section */
		8238FF822644D40000D2E902 /* Project object */ = {
			isa = PBXProject;
			attributes = {
				LastSwiftUpdateCheck = 1210;
				LastUpgradeCheck = 1210;
				TargetAttributes = {
					8238FF892644D40000D2E902 = {
						CreatedOnToolsVersion = 12.1;
					};
				};
			};
			buildConfigurationList = 8238FF852644D40000D2E902 /* Build configuration list for PBXProject "LittlePink" */;
			compatibilityVersion = "Xcode 9.3";
			developmentRegion = en;
			hasScannedForEncodings = 0;
			knownRegions = (
				en,
				Base,
				"zh-Hans",
			);
			mainGroup = 8238FF812644D40000D2E902;
			productRefGroup = 8238FF8B2644D40000D2E902 /* Products */;
			projectDirPath = "";
			projectRoot = "";
			targets = (
				8238FF892644D40000D2E902 /* LittlePink */,
			);
		};
/* End PBXProject section */

/* Begin PBXResourcesBuildPhase section */
		8238FF882644D40000D2E902 /* Resources */ = {
			isa = PBXResourcesBuildPhase;
			buildActionMask = 2147483647;
			files = (
				8238FF9D2644D40100D2E902 /* LaunchScreen.storyboard in Resources */,
				82279F89264E0B24002B3017 /* InfoPlist.strings in Resources */,
				8238FF9A2644D40100D2E902 /* Assets.xcassets in Resources */,
				82308845268F1378001965A3 /* testVideo.mp4 in Resources */,
				8238FF952644D40000D2E902 /* Main.storyboard in Resources */,
			);
			runOnlyForDeploymentPostprocessing = 0;
		};
/* End PBXResourcesBuildPhase section */

/* Begin PBXShellScriptBuildPhase section */
		A11DF406AE3C9E7A72DDFF9E /* [CP] Check Pods Manifest.lock */ = {
			isa = PBXShellScriptBuildPhase;
			buildActionMask = 2147483647;
			files = (
			);
			inputFileListPaths = (
			);
			inputPaths = (
				"${PODS_PODFILE_DIR_PATH}/Podfile.lock",
				"${PODS_ROOT}/Manifest.lock",
			);
			name = "[CP] Check Pods Manifest.lock";
			outputFileListPaths = (
			);
			outputPaths = (
				"$(DERIVED_FILE_DIR)/Pods-LittlePink-checkManifestLockResult.txt",
			);
			runOnlyForDeploymentPostprocessing = 0;
			shellPath = /bin/sh;
			shellScript = "diff \"${PODS_PODFILE_DIR_PATH}/Podfile.lock\" \"${PODS_ROOT}/Manifest.lock\" > /dev/null\nif [ $? != 0 ] ; then\n    # print error to STDERR\n    echo \"error: The sandbox is not in sync with the Podfile.lock. Run 'pod install' or update your CocoaPods installation.\" >&2\n    exit 1\nfi\n# This output is used by Xcode 'outputs' to avoid re-running this script phase.\necho \"SUCCESS\" > \"${SCRIPT_OUTPUT_FILE_0}\"\n";
			showEnvVarsInLog = 0;
		};
		D1400619053E19008F6361D3 /* [CP] Embed Pods Frameworks */ = {
			isa = PBXShellScriptBuildPhase;
			buildActionMask = 2147483647;
			files = (
			);
			inputFileListPaths = (
				"${PODS_ROOT}/Target Support Files/Pods-LittlePink/Pods-LittlePink-frameworks-${CONFIGURATION}-input-files.xcfilelist",
			);
			name = "[CP] Embed Pods Frameworks";
			outputFileListPaths = (
				"${PODS_ROOT}/Target Support Files/Pods-LittlePink/Pods-LittlePink-frameworks-${CONFIGURATION}-output-files.xcfilelist",
			);
			runOnlyForDeploymentPostprocessing = 0;
			shellPath = /bin/sh;
			shellScript = "\"${PODS_ROOT}/Target Support Files/Pods-LittlePink/Pods-LittlePink-frameworks.sh\"\n";
			showEnvVarsInLog = 0;
		};
/* End PBXShellScriptBuildPhase section */

/* Begin PBXSourcesBuildPhase section */
		8238FF862644D40000D2E902 /* Sources */ = {
			isa = PBXSourcesBuildPhase;
			buildActionMask = 2147483647;
			files = (
				8238FF922644D40000D2E902 /* ViewController.swift in Sources */,
				8258A7D7265353480024D8FF /* Bundle.swift in Sources */,
				826BD6DD2646226A004138B8 /* FocusViewController.swift in Sources */,
				8238FF8E2644D40000D2E902 /* AppDelegate.swift in Sources */,
				8263AB46268D98BF000189FF /* PhotoCell.swift in Sources */,
				82279F8D264E103D002B3017 /* BaseTabbarViewController.swift in Sources */,
				8238FF902644D40000D2E902 /* SceneDelegate.swift in Sources */,
				829BAA892692A55E00592F84 /* NoteEditVC_DragDrop.swift in Sources */,
				8230881E268EB48D001965A3 /* AddPhotoView.swift in Sources */,
				826BD6DA26462248004138B8 /* HomePageViewController.swift in Sources */,
				82CE62F42695459B001D826D /* DynamicVC_CollectionView.swift in Sources */,
				8263AB4B268D9F7B000189FF /* DynamicSendViewController.swift in Sources */,
				820F86F8269483AD00B44559 /* NoteEdit_TextFiled.swift in Sources */,
				826BD6E326462281004138B8 /* DiscoverViewController.swift in Sources */,
				8263AB58268DBC8A000189FF /* Extension.swift in Sources */,
				82964C96264A2101001B98B6 /* WalterFallVC.swift in Sources */,
				8238FF982644D40000D2E902 /* LittlePink.xcdatamodeld in Sources */,
				82EB850F2646233E004F7770 /* File.swift in Sources */,
				826BD6E026462272004138B8 /* NearViewController.swift in Sources */,
				82964C9A264A2148001B98B6 /* WalterFallCollectionViewCell.swift in Sources */,
				82279F90264E11FF002B3017 /* PublishViewController.swift in Sources */,
			);
			runOnlyForDeploymentPostprocessing = 0;
		};
/* End PBXSourcesBuildPhase section */

/* Begin PBXVariantGroup section */
		8238FF932644D40000D2E902 /* Main.storyboard */ = {
			isa = PBXVariantGroup;
			children = (
				8238FF942644D40000D2E902 /* Base */,
				82279F86264E0AB7002B3017 /* zh-Hans */,
			);
			name = Main.storyboard;
			sourceTree = "<group>";
		};
		8238FF9B2644D40100D2E902 /* LaunchScreen.storyboard */ = {
			isa = PBXVariantGroup;
			children = (
				8238FF9C2644D40100D2E902 /* Base */,
				82279F83264E09CB002B3017 /* zh-Hans */,
			);
			name = LaunchScreen.storyboard;
			sourceTree = "<group>";
		};
/* End PBXVariantGroup section */

/* Begin XCBuildConfiguration section */
		8238FF9F2644D40100D2E902 /* Debug */ = {
			isa = XCBuildConfiguration;
			buildSettings = {
				ALWAYS_SEARCH_USER_PATHS = NO;
				CLANG_ANALYZER_LOCALIZABILITY_NONLOCALIZED = YES;
				CLANG_ANALYZER_NONNULL = YES;
				CLANG_ANALYZER_NUMBER_OBJECT_CONVERSION = YES_AGGRESSIVE;
				CLANG_CXX_LANGUAGE_STANDARD = "gnu++14";
				CLANG_CXX_LIBRARY = "libc++";
				CLANG_ENABLE_MODULES = YES;
				CLANG_ENABLE_OBJC_ARC = YES;
				CLANG_ENABLE_OBJC_WEAK = YES;
				CLANG_WARN_BLOCK_CAPTURE_AUTORELEASING = YES;
				CLANG_WARN_BOOL_CONVERSION = YES;
				CLANG_WARN_COMMA = YES;
				CLANG_WARN_CONSTANT_CONVERSION = YES;
				CLANG_WARN_DEPRECATED_OBJC_IMPLEMENTATIONS = YES;
				CLANG_WARN_DIRECT_OBJC_ISA_USAGE = YES_ERROR;
				CLANG_WARN_DOCUMENTATION_COMMENTS = YES;
				CLANG_WARN_EMPTY_BODY = YES;
				CLANG_WARN_ENUM_CONVERSION = YES;
				CLANG_WARN_INFINITE_RECURSION = YES;
				CLANG_WARN_INT_CONVERSION = YES;
				CLANG_WARN_NON_LITERAL_NULL_CONVERSION = YES;
				CLANG_WARN_OBJC_IMPLICIT_RETAIN_SELF = YES;
				CLANG_WARN_OBJC_LITERAL_CONVERSION = YES;
				CLANG_WARN_OBJC_ROOT_CLASS = YES_ERROR;
				CLANG_WARN_QUOTED_INCLUDE_IN_FRAMEWORK_HEADER = YES;
				CLANG_WARN_RANGE_LOOP_ANALYSIS = YES;
				CLANG_WARN_STRICT_PROTOTYPES = YES;
				CLANG_WARN_SUSPICIOUS_MOVE = YES;
				CLANG_WARN_UNGUARDED_AVAILABILITY = YES_AGGRESSIVE;
				CLANG_WARN_UNREACHABLE_CODE = YES;
				CLANG_WARN__DUPLICATE_METHOD_MATCH = YES;
				COPY_PHASE_STRIP = NO;
				DEBUG_INFORMATION_FORMAT = dwarf;
				ENABLE_STRICT_OBJC_MSGSEND = YES;
				ENABLE_TESTABILITY = YES;
				GCC_C_LANGUAGE_STANDARD = gnu11;
				GCC_DYNAMIC_NO_PIC = NO;
				GCC_NO_COMMON_BLOCKS = YES;
				GCC_OPTIMIZATION_LEVEL = 0;
				GCC_PREPROCESSOR_DEFINITIONS = (
					"DEBUG=1",
					"$(inherited)",
				);
				GCC_WARN_64_TO_32_BIT_CONVERSION = YES;
				GCC_WARN_ABOUT_RETURN_TYPE = YES_ERROR;
				GCC_WARN_UNDECLARED_SELECTOR = YES;
				GCC_WARN_UNINITIALIZED_AUTOS = YES_AGGRESSIVE;
				GCC_WARN_UNUSED_FUNCTION = YES;
				GCC_WARN_UNUSED_VARIABLE = YES;
				IPHONEOS_DEPLOYMENT_TARGET = 14.1;
				MTL_ENABLE_DEBUG_INFO = INCLUDE_SOURCE;
				MTL_FAST_MATH = YES;
				ONLY_ACTIVE_ARCH = YES;
				SDKROOT = iphoneos;
				SWIFT_ACTIVE_COMPILATION_CONDITIONS = DEBUG;
				SWIFT_OPTIMIZATION_LEVEL = "-Onone";
			};
			name = Debug;
		};
		8238FFA02644D40100D2E902 /* Release */ = {
			isa = XCBuildConfiguration;
			buildSettings = {
				ALWAYS_SEARCH_USER_PATHS = NO;
				CLANG_ANALYZER_LOCALIZABILITY_NONLOCALIZED = YES;
				CLANG_ANALYZER_NONNULL = YES;
				CLANG_ANALYZER_NUMBER_OBJECT_CONVERSION = YES_AGGRESSIVE;
				CLANG_CXX_LANGUAGE_STANDARD = "gnu++14";
				CLANG_CXX_LIBRARY = "libc++";
				CLANG_ENABLE_MODULES = YES;
				CLANG_ENABLE_OBJC_ARC = YES;
				CLANG_ENABLE_OBJC_WEAK = YES;
				CLANG_WARN_BLOCK_CAPTURE_AUTORELEASING = YES;
				CLANG_WARN_BOOL_CONVERSION = YES;
				CLANG_WARN_COMMA = YES;
				CLANG_WARN_CONSTANT_CONVERSION = YES;
				CLANG_WARN_DEPRECATED_OBJC_IMPLEMENTATIONS = YES;
				CLANG_WARN_DIRECT_OBJC_ISA_USAGE = YES_ERROR;
				CLANG_WARN_DOCUMENTATION_COMMENTS = YES;
				CLANG_WARN_EMPTY_BODY = YES;
				CLANG_WARN_ENUM_CONVERSION = YES;
				CLANG_WARN_INFINITE_RECURSION = YES;
				CLANG_WARN_INT_CONVERSION = YES;
				CLANG_WARN_NON_LITERAL_NULL_CONVERSION = YES;
				CLANG_WARN_OBJC_IMPLICIT_RETAIN_SELF = YES;
				CLANG_WARN_OBJC_LITERAL_CONVERSION = YES;
				CLANG_WARN_OBJC_ROOT_CLASS = YES_ERROR;
				CLANG_WARN_QUOTED_INCLUDE_IN_FRAMEWORK_HEADER = YES;
				CLANG_WARN_RANGE_LOOP_ANALYSIS = YES;
				CLANG_WARN_STRICT_PROTOTYPES = YES;
				CLANG_WARN_SUSPICIOUS_MOVE = YES;
				CLANG_WARN_UNGUARDED_AVAILABILITY = YES_AGGRESSIVE;
				CLANG_WARN_UNREACHABLE_CODE = YES;
				CLANG_WARN__DUPLICATE_METHOD_MATCH = YES;
				COPY_PHASE_STRIP = NO;
				DEBUG_INFORMATION_FORMAT = "dwarf-with-dsym";
				ENABLE_NS_ASSERTIONS = NO;
				ENABLE_STRICT_OBJC_MSGSEND = YES;
				GCC_C_LANGUAGE_STANDARD = gnu11;
				GCC_NO_COMMON_BLOCKS = YES;
				GCC_WARN_64_TO_32_BIT_CONVERSION = YES;
				GCC_WARN_ABOUT_RETURN_TYPE = YES_ERROR;
				GCC_WARN_UNDECLARED_SELECTOR = YES;
				GCC_WARN_UNINITIALIZED_AUTOS = YES_AGGRESSIVE;
				GCC_WARN_UNUSED_FUNCTION = YES;
				GCC_WARN_UNUSED_VARIABLE = YES;
				IPHONEOS_DEPLOYMENT_TARGET = 14.1;
				MTL_ENABLE_DEBUG_INFO = NO;
				MTL_FAST_MATH = YES;
				SDKROOT = iphoneos;
				SWIFT_COMPILATION_MODE = wholemodule;
				SWIFT_OPTIMIZATION_LEVEL = "-O";
				VALIDATE_PRODUCT = YES;
			};
			name = Release;
		};
		8238FFA22644D40100D2E902 /* Debug */ = {
			isa = XCBuildConfiguration;
			baseConfigurationReference = 6CEC65262A220EFF7AF52E11 /* Pods-LittlePink.debug.xcconfig */;
			buildSettings = {
				ASSETCATALOG_COMPILER_APPICON_NAME = AppIcon;
				ASSETCATALOG_COMPILER_GLOBAL_ACCENT_COLOR_NAME = AccentColor;
				CODE_SIGN_STYLE = Automatic;
				DEVELOPMENT_TEAM = KQKX28SU5S;
				INFOPLIST_FILE = LittlePink/Info.plist;
				IPHONEOS_DEPLOYMENT_TARGET = 13.0;
				LD_RUNPATH_SEARCH_PATHS = (
					"$(inherited)",
					"@executable_path/Frameworks",
				);
				PRODUCT_BUNDLE_IDENTIFIER = fengshuo.LittlePink;
				PRODUCT_NAME = "$(TARGET_NAME)";
				SWIFT_OBJC_BRIDGING_HEADER = LittlePink/Common/LittlePink_Bridge_Header.h;
				SWIFT_VERSION = 5.0;
				TARGETED_DEVICE_FAMILY = "1,2";
			};
			name = Debug;
		};
		8238FFA32644D40100D2E902 /* Release */ = {
			isa = XCBuildConfiguration;
			baseConfigurationReference = 6921E9AD1FFCF712F00829E9 /* Pods-LittlePink.release.xcconfig */;
			buildSettings = {
				ASSETCATALOG_COMPILER_APPICON_NAME = AppIcon;
				ASSETCATALOG_COMPILER_GLOBAL_ACCENT_COLOR_NAME = AccentColor;
				CODE_SIGN_STYLE = Automatic;
				DEVELOPMENT_TEAM = KQKX28SU5S;
				INFOPLIST_FILE = LittlePink/Info.plist;
				IPHONEOS_DEPLOYMENT_TARGET = 13.0;
				LD_RUNPATH_SEARCH_PATHS = (
					"$(inherited)",
					"@executable_path/Frameworks",
				);
				PRODUCT_BUNDLE_IDENTIFIER = fengshuo.LittlePink;
				PRODUCT_NAME = "$(TARGET_NAME)";
				SWIFT_OBJC_BRIDGING_HEADER = LittlePink/Common/LittlePink_Bridge_Header.h;
				SWIFT_VERSION = 5.0;
				TARGETED_DEVICE_FAMILY = "1,2";
			};
			name = Release;
		};
/* End XCBuildConfiguration section */

/* Begin XCConfigurationList section */
		8238FF852644D40000D2E902 /* Build configuration list for PBXProject "LittlePink" */ = {
			isa = XCConfigurationList;
			buildConfigurations = (
				8238FF9F2644D40100D2E902 /* Debug */,
				8238FFA02644D40100D2E902 /* Release */,
			);
			defaultConfigurationIsVisible = 0;
			defaultConfigurationName = Release;
		};
		8238FFA12644D40100D2E902 /* Build configuration list for PBXNativeTarget "LittlePink" */ = {
			isa = XCConfigurationList;
			buildConfigurations = (
				8238FFA22644D40100D2E902 /* Debug */,
				8238FFA32644D40100D2E902 /* Release */,
			);
			defaultConfigurationIsVisible = 0;
			defaultConfigurationName = Release;
		};
/* End XCConfigurationList section */

/* Begin XCVersionGroup section */
		8238FF962644D40000D2E902 /* LittlePink.xcdatamodeld */ = {
			isa = XCVersionGroup;
			children = (
				8238FF972644D40000D2E902 /* LittlePink.xcdatamodel */,
			);
			currentVersion = 8238FF972644D40000D2E902 /* LittlePink.xcdatamodel */;
			path = LittlePink.xcdatamodeld;
			sourceTree = "<group>";
			versionGroupType = wrapper.xcdatamodel;
		};
/* End XCVersionGroup section */
	};
	rootObject = 8238FF822644D40000D2E902 /* Project object */;
}
